
Microsoft Visual Studio Solution File, Format Version 12.00
# Visual Studio 2015
Project("{FAE04EC0-301F-11D3-BF4B-00C04F79EFBC}") = "Toilet Rush.CSharp.Plugins", "Toilet Rush.CSharp.Plugins.csproj", "{79D736B1-A9C2-3792-60C0-505CFE9A84C0}"
EndProject
Project("{FAE04EC0-301F-11D3-BF4B-00C04F79EFBC}") = "Toilet Rush.CSharp", "Toilet Rush.CSharp.csproj", "{6E7AD206-FFB5-2E25-C1BE-40E22EF32735}"
EndProject
Project("{FAE04EC0-301F-11D3-BF4B-00C04F79EFBC}") = "Toilet Rush.CSharp.Editor", "Toilet Rush.CSharp.Editor.csproj", "{F5DEB65E-D255-D8EA-C8CA-FAFEBCBAC054}"
EndProject
Global
	GlobalSection(SolutionConfigurationPlatforms) = preSolution
		Debug|Any CPU = Debug|Any CPU
		Release|Any CPU = Release|Any CPU
	EndGlobalSection
	GlobalSection(ProjectConfigurationPlatforms) = postSolution
		{79D736B1-A9C2-3792-60C0-505CFE9A84C0}.Debug|Any CPU.ActiveCfg = Debug|Any CPU
		{79D736B1-A9C2-3792-60C0-505CFE9A84C0}.Debug|Any CPU.Build.0 = Debug|Any CPU
		{79D736B1-A9C2-3792-60C0-505CFE9A84C0}.Release|Any CPU.ActiveCfg = Release|Any CPU
		{79D736B1-A9C2-3792-60C0-505CFE9A84C0}.Release|Any CPU.Build.0 = Release|Any CPU
		{6E7AD206-FFB5-2E25-C1BE-40E22EF32735}.Debug|Any CPU.ActiveCfg = Debug|Any CPU
		{6E7AD206-FFB5-2E25-C1BE-40E22EF32735}.Debug|Any CPU.Build.0 = Debug|Any CPU
		{6E7AD206-FFB5-2E25-C1BE-40E22EF32735}.Release|Any CPU.ActiveCfg = Release|Any CPU
		{6E7AD206-FFB5-2E25-C1BE-40E22EF32735}.Release|Any CPU.Build.0 = Release|Any CPU
		{F5DEB65E-D255-D8EA-C8CA-FAFEBCBAC054}.Debug|Any CPU.ActiveCfg = Debug|Any CPU
		{F5DEB65E-D255-D8EA-C8CA-FAFEBCBAC054}.Debug|Any CPU.Build.0 = Debug|Any CPU
		{F5DEB65E-D255-D8EA-C8CA-FAFEBCBAC054}.Release|Any CPU.ActiveCfg = Release|Any CPU
		{F5DEB65E-D255-D8EA-C8CA-FAFEBCBAC054}.Release|Any CPU.Build.0 = Release|Any CPU
	EndGlobalSection
	GlobalSection(SolutionProperties) = preSolution
		HideSolutionNode = FALSE
	EndGlobalSection
EndGlobal
